
Microsoft Visual Studio Solution File, Format Version 12.00
# Visual Studio 15
VisualStudioVersion = 15.0.26430.16
MinimumVisualStudioVersion = 10.0.40219.1
Project("{FAE04EC0-301F-11D3-BF4B-00C04F79EFBC}") = "CenturiesToMinutes", "CenturiesToMinutes\CenturiesToMinutes.csproj", "{8204E59A-DC99-4531-B557-C3E3B3A273CC}"
EndProject
Project("{FAE04EC0-301F-11D3-BF4B-00C04F79EFBC}") = "CircleArea(Precision12)", "CircleArea(Precision12)\CircleArea(Precision12).csproj", "{07F0D631-7066-47FF-B9FB-DC41EE377229}"
EndProject
Project("{FAE04EC0-301F-11D3-BF4B-00C04F79EFBC}") = "ExactSumOfRealNumbers", "ExactSumOfRealNumbers\ExactSumOfRealNumbers.csproj", "{8485F798-AF59-4E3B-B86C-CC24202152D6}"
EndProject
Global
	GlobalSection(SolutionConfigurationPlatforms) = preSolution
		Debug|Any CPU = Debug|Any CPU
		Release|Any CPU = Release|Any CPU
	EndGlobalSection
	GlobalSection(ProjectConfigurationPlatforms) = postSolution
		{8204E59A-DC99-4531-B557-C3E3B3A273CC}.Debug|Any CPU.ActiveCfg = Debug|Any CPU
		{8204E59A-DC99-4531-B557-C3E3B3A273CC}.Debug|Any CPU.Build.0 = Debug|Any CPU
		{8204E59A-DC99-4531-B557-C3E3B3A273CC}.Release|Any CPU.ActiveCfg = Release|Any CPU
		{8204E59A-DC99-4531-B557-C3E3B3A273CC}.Release|Any CPU.Build.0 = Release|Any CPU
		{07F0D631-7066-47FF-B9FB-DC41EE377229}.Debug|Any CPU.ActiveCfg = Debug|Any CPU
		{07F0D631-7066-47FF-B9FB-DC41EE377229}.Debug|Any CPU.Build.0 = Debug|Any CPU
		{07F0D631-7066-47FF-B9FB-DC41EE377229}.Release|Any CPU.ActiveCfg = Release|Any CPU
		{07F0D631-7066-47FF-B9FB-DC41EE377229}.Release|Any CPU.Build.0 = Release|Any CPU
		{8485F798-AF59-4E3B-B86C-CC24202152D6}.Debug|Any CPU.ActiveCfg = Debug|Any CPU
		{8485F798-AF59-4E3B-B86C-CC24202152D6}.Debug|Any CPU.Build.0 = Debug|Any CPU
		{8485F798-AF59-4E3B-B86C-CC24202152D6}.Release|Any CPU.ActiveCfg = Release|Any CPU
		{8485F798-AF59-4E3B-B86C-CC24202152D6}.Release|Any CPU.Build.0 = Release|Any CPU
	EndGlobalSection
	GlobalSection(SolutionProperties) = preSolution
		HideSolutionNode = FALSE
	EndGlobalSection
EndGlobal
